// !$*UTF8*$!
{
	archiveVersion = 1;
	classes = {
	};
	objectVersion = 46;
	objects = {

/* Begin PBXBuildFile section */
		D4CE89DF1A7DDF2500FEED9F /* main.m in Sources */ = {isa = PBXBuildFile; fileRef = D4CE89DE1A7DDF2500FEED9F /* main.m */; };
		D4CE8A011A7DE06700FEED9F /* AppKit.framework in Frameworks */ = {isa = PBXBuildFile; fileRef = D4CE89FA1A7DE06700FEED9F /* AppKit.framework */; };
		D4CE8A021A7DE06700FEED9F /* ApplicationServices.framework in Frameworks */ = {isa = PBXBuildFile; fileRef = D4CE89FB1A7DE06700FEED9F /* ApplicationServices.framework */; };
		D4CE8A031A7DE06700FEED9F /* AudioToolbox.framework in Frameworks */ = {isa = PBXBuildFile; fileRef = D4CE89FC1A7DE06700FEED9F /* AudioToolbox.framework */; };
		D4CE8A041A7DE06700FEED9F /* CoreFoundation.framework in Frameworks */ = {isa = PBXBuildFile; fileRef = D4CE89FD1A7DE06700FEED9F /* CoreFoundation.framework */; };
		D4CE8A051A7DE06700FEED9F /* IOKit.framework in Frameworks */ = {isa = PBXBuildFile; fileRef = D4CE89FE1A7DE06700FEED9F /* IOKit.framework */; };
		D4CE8A061A7DE06700FEED9F /* OpenAL.framework in Frameworks */ = {isa = PBXBuildFile; fileRef = D4CE89FF1A7DE06700FEED9F /* OpenAL.framework */; };
		D4CE8A071A7DE06700FEED9F /* OpenGL.framework in Frameworks */ = {isa = PBXBuildFile; fileRef = D4CE8A001A7DE06700FEED9F /* OpenGL.framework */; };
		D4CE8A141A7DE0CD00FEED9F /* liballegro_acodec-static.a in Frameworks */ = {isa = PBXBuildFile; fileRef = D4CE8A081A7DE0CD00FEED9F /* liballegro_acodec-static.a */; };
		D4CE8A151A7DE0CD00FEED9F /* liballegro_audio-static.a in Frameworks */ = {isa = PBXBuildFile; fileRef = D4CE8A091A7DE0CD00FEED9F /* liballegro_audio-static.a */; };
		D4CE8A161A7DE0CD00FEED9F /* liballegro_color-static.a in Frameworks */ = {isa = PBXBuildFile; fileRef = D4CE8A0A1A7DE0CD00FEED9F /* liballegro_color-static.a */; };
		D4CE8A171A7DE0CD00FEED9F /* liballegro_dialog-static.a in Frameworks */ = {isa = PBXBuildFile; fileRef = D4CE8A0B1A7DE0CD00FEED9F /* liballegro_dialog-static.a */; };
		D4CE8A181A7DE0CD00FEED9F /* liballegro_font-static.a in Frameworks */ = {isa = PBXBuildFile; fileRef = D4CE8A0C1A7DE0CD00FEED9F /* liballegro_font-static.a */; };
		D4CE8A191A7DE0CD00FEED9F /* liballegro_image-static.a in Frameworks */ = {isa = PBXBuildFile; fileRef = D4CE8A0D1A7DE0CD00FEED9F /* liballegro_image-static.a */; };
		D4CE8A1A1A7DE0CD00FEED9F /* liballegro_main-static.a in Frameworks */ = {isa = PBXBuildFile; fileRef = D4CE8A0E1A7DE0CD00FEED9F /* liballegro_main-static.a */; };
		D4CE8A1B1A7DE0CD00FEED9F /* liballegro_memfile-static.a in Frameworks */ = {isa = PBXBuildFile; fileRef = D4CE8A0F1A7DE0CD00FEED9F /* liballegro_memfile-static.a */; };
		D4CE8A1C1A7DE0CD00FEED9F /* liballegro_physfs-static.a in Frameworks */ = {isa = PBXBuildFile; fileRef = D4CE8A101A7DE0CD00FEED9F /* liballegro_physfs-static.a */; };
		D4CE8A1D1A7DE0CD00FEED9F /* liballegro_primitives-static.a in Frameworks */ = {isa = PBXBuildFile; fileRef = D4CE8A111A7DE0CD00FEED9F /* liballegro_primitives-static.a */; };
		D4CE8A1E1A7DE0CD00FEED9F /* liballegro_ttf-static.a in Frameworks */ = {isa = PBXBuildFile; fileRef = D4CE8A121A7DE0CD00FEED9F /* liballegro_ttf-static.a */; };
		D4CE8A1F1A7DE0CD00FEED9F /* liballegro-static.a in Frameworks */ = {isa = PBXBuildFile; fileRef = D4CE8A131A7DE0CD00FEED9F /* liballegro-static.a */; };
/* End PBXBuildFile section */

/* Begin PBXFileReference section */
		D4CE89D61A7DDF2500FEED9F /* TestSound.app */ = {isa = PBXFileReference; explicitFileType = wrapper.application; includeInIndex = 0; path = TestSound.app; sourceTree = BUILT_PRODUCTS_DIR; };
		D4CE89DA1A7DDF2500FEED9F /* Info.plist */ = {isa = PBXFileReference; lastKnownFileType = text.plist.xml; path = Info.plist; sourceTree = "<group>"; };
		D4CE89DE1A7DDF2500FEED9F /* main.m */ = {isa = PBXFileReference; lastKnownFileType = sourcecode.c.objc; path = main.m; sourceTree = "<group>"; };
		D4CE89FA1A7DE06700FEED9F /* AppKit.framework */ = {isa = PBXFileReference; lastKnownFileType = wrapper.framework; name = AppKit.framework; path = System/Library/Frameworks/AppKit.framework; sourceTree = SDKROOT; };
		D4CE89FB1A7DE06700FEED9F /* ApplicationServices.framework */ = {isa = PBXFileReference; lastKnownFileType = wrapper.framework; name = ApplicationServices.framework; path = System/Library/Frameworks/ApplicationServices.framework; sourceTree = SDKROOT; };
		D4CE89FC1A7DE06700FEED9F /* AudioToolbox.framework */ = {isa = PBXFileReference; lastKnownFileType = wrapper.framework; name = AudioToolbox.framework; path = System/Library/Frameworks/AudioToolbox.framework; sourceTree = SDKROOT; };
		D4CE89FD1A7DE06700FEED9F /* CoreFoundation.framework */ = {isa = PBXFileReference; lastKnownFileType = wrapper.framework; name = CoreFoundation.framework; path = System/Library/Frameworks/CoreFoundation.framework; sourceTree = SDKROOT; };
		D4CE89FE1A7DE06700FEED9F /* IOKit.framework */ = {isa = PBXFileReference; lastKnownFileType = wrapper.framework; name = IOKit.framework; path = System/Library/Frameworks/IOKit.framework; sourceTree = SDKROOT; };
		D4CE89FF1A7DE06700FEED9F /* OpenAL.framework */ = {isa = PBXFileReference; lastKnownFileType = wrapper.framework; name = OpenAL.framework; path = System/Library/Frameworks/OpenAL.framework; sourceTree = SDKROOT; };
		D4CE8A001A7DE06700FEED9F /* OpenGL.framework */ = {isa = PBXFileReference; lastKnownFileType = wrapper.framework; name = OpenGL.framework; path = System/Library/Frameworks/OpenGL.framework; sourceTree = SDKROOT; };
		D4CE8A081A7DE0CD00FEED9F /* liballegro_acodec-static.a */ = {isa = PBXFileReference; lastKnownFileType = archive.ar; name = "liballegro_acodec-static.a"; path = "/usr/local/lib/liballegro_acodec-static.a"; sourceTree = "<absolute>"; };
		D4CE8A091A7DE0CD00FEED9F /* liballegro_audio-static.a */ = {isa = PBXFileReference; lastKnownFileType = archive.ar; name = "liballegro_audio-static.a"; path = "/usr/local/lib/liballegro_audio-static.a"; sourceTree = "<absolute>"; };
		D4CE8A0A1A7DE0CD00FEED9F /* liballegro_color-static.a */ = {isa = PBXFileReference; lastKnownFileType = archive.ar; name = "liballegro_color-static.a"; path = "/usr/local/lib/liballegro_color-static.a"; sourceTree = "<absolute>"; };
		D4CE8A0B1A7DE0CD00FEED9F /* liballegro_dialog-static.a */ = {isa = PBXFileReference; lastKnownFileType = archive.ar; name = "liballegro_dialog-static.a"; path = "/usr/local/lib/liballegro_dialog-static.a"; sourceTree = "<absolute>"; };
		D4CE8A0C1A7DE0CD00FEED9F /* liballegro_font-static.a */ = {isa = PBXFileReference; lastKnownFileType = archive.ar; name = "liballegro_font-static.a"; path = "/usr/local/lib/liballegro_font-static.a"; sourceTree = "<absolute>"; };
		D4CE8A0D1A7DE0CD00FEED9F /* liballegro_image-static.a */ = {isa = PBXFileReference; lastKnownFileType = archive.ar; name = "liballegro_image-static.a"; path = "/usr/local/lib/liballegro_image-static.a"; sourceTree = "<absolute>"; };
		D4CE8A0E1A7DE0CD00FEED9F /* liballegro_main-static.a */ = {isa = PBXFileReference; lastKnownFileType = archive.ar; name = "liballegro_main-static.a"; path = "/usr/local/lib/liballegro_main-static.a"; sourceTree = "<absolute>"; };
		D4CE8A0F1A7DE0CD00FEED9F /* liballegro_memfile-static.a */ = {isa = PBXFileReference; lastKnownFileType = archive.ar; name = "liballegro_memfile-static.a"; path = "/usr/local/lib/liballegro_memfile-static.a"; sourceTree = "<absolute>"; };
		D4CE8A101A7DE0CD00FEED9F /* liballegro_physfs-static.a */ = {isa = PBXFileReference; lastKnownFileType = archive.ar; name = "liballegro_physfs-static.a"; path = "/usr/local/lib/liballegro_physfs-static.a"; sourceTree = "<absolute>"; };
		D4CE8A111A7DE0CD00FEED9F /* liballegro_primitives-static.a */ = {isa = PBXFileReference; lastKnownFileType = archive.ar; name = "liballegro_primitives-static.a"; path = "/usr/local/lib/liballegro_primitives-static.a"; sourceTree = "<absolute>"; };
		D4CE8A121A7DE0CD00FEED9F /* liballegro_ttf-static.a */ = {isa = PBXFileReference; lastKnownFileType = archive.ar; name = "liballegro_ttf-static.a"; path = "/usr/local/lib/liballegro_ttf-static.a"; sourceTree = "<absolute>"; };
		D4CE8A131A7DE0CD00FEED9F /* liballegro-static.a */ = {isa = PBXFileReference; lastKnownFileType = archive.ar; name = "liballegro-static.a"; path = "/usr/local/lib/liballegro-static.a"; sourceTree = "<absolute>"; };
/* End PBXFileReference section */

/* Begin PBXFrameworksBuildPhase section */
		D4CE89D31A7DDF2500FEED9F /* Frameworks */ = {
			isa = PBXFrameworksBuildPhase;
			buildActionMask = 2147483647;
			files = (
				D4CE8A141A7DE0CD00FEED9F /* liballegro_acodec-static.a in Frameworks */,
				D4CE8A151A7DE0CD00FEED9F /* liballegro_audio-static.a in Frameworks */,
				D4CE8A161A7DE0CD00FEED9F /* liballegro_color-static.a in Frameworks */,
				D4CE8A171A7DE0CD00FEED9F /* liballegro_dialog-static.a in Frameworks */,
				D4CE8A181A7DE0CD00FEED9F /* liballegro_font-static.a in Frameworks */,
				D4CE8A191A7DE0CD00FEED9F /* liballegro_image-static.a in Frameworks */,
				D4CE8A1A1A7DE0CD00FEED9F /* liballegro_main-static.a in Frameworks */,
				D4CE8A1B1A7DE0CD00FEED9F /* liballegro_memfile-static.a in Frameworks */,
				D4CE8A1C1A7DE0CD00FEED9F /* liballegro_physfs-static.a in Frameworks */,
				D4CE8A1D1A7DE0CD00FEED9F /* liballegro_primitives-static.a in Frameworks */,
				D4CE8A1E1A7DE0CD00FEED9F /* liballegro_ttf-static.a in Frameworks */,
				D4CE8A1F1A7DE0CD00FEED9F /* liballegro-static.a in Frameworks */,
				D4CE8A011A7DE06700FEED9F /* AppKit.framework in Frameworks */,
				D4CE8A021A7DE06700FEED9F /* ApplicationServices.framework in Frameworks */,
				D4CE8A031A7DE06700FEED9F /* AudioToolbox.framework in Frameworks */,
				D4CE8A041A7DE06700FEED9F /* CoreFoundation.framework in Frameworks */,
				D4CE8A051A7DE06700FEED9F /* IOKit.framework in Frameworks */,
				D4CE8A061A7DE06700FEED9F /* OpenAL.framework in Frameworks */,
				D4CE8A071A7DE06700FEED9F /* OpenGL.framework in Frameworks */,
			);
			runOnlyForDeploymentPostprocessing = 0;
		};
/* End PBXFrameworksBuildPhase section */

/* Begin PBXGroup section */
		D4CE89CD1A7DDF2500FEED9F = {
			isa = PBXGroup;
			children = (
				D4CE8A201A7DE0D600FEED9F /* Libraries and Frameworks */,
				D4CE89D81A7DDF2500FEED9F /* TestSound */,
				D4CE89D71A7DDF2500FEED9F /* Products */,
			);
			sourceTree = "<group>";
		};
		D4CE89D71A7DDF2500FEED9F /* Products */ = {
			isa = PBXGroup;
			children = (
				D4CE89D61A7DDF2500FEED9F /* TestSound.app */,
			);
			name = Products;
			sourceTree = "<group>";
		};
		D4CE89D81A7DDF2500FEED9F /* TestSound */ = {
			isa = PBXGroup;
			children = (
				D4CE89D91A7DDF2500FEED9F /* Supporting Files */,
			);
			path = TestSound;
			sourceTree = "<group>";
		};
		D4CE89D91A7DDF2500FEED9F /* Supporting Files */ = {
			isa = PBXGroup;
			children = (
				D4CE89DA1A7DDF2500FEED9F /* Info.plist */,
				D4CE89DE1A7DDF2500FEED9F /* main.m */,
			);
			name = "Supporting Files";
			sourceTree = "<group>";
		};
		D4CE8A201A7DE0D600FEED9F /* Libraries and Frameworks */ = {
			isa = PBXGroup;
			children = (
				D4CE8A081A7DE0CD00FEED9F /* liballegro_acodec-static.a */,
				D4CE8A091A7DE0CD00FEED9F /* liballegro_audio-static.a */,
				D4CE8A0A1A7DE0CD00FEED9F /* liballegro_color-static.a */,
				D4CE8A0B1A7DE0CD00FEED9F /* liballegro_dialog-static.a */,
				D4CE8A0C1A7DE0CD00FEED9F /* liballegro_font-static.a */,
				D4CE8A0D1A7DE0CD00FEED9F /* liballegro_image-static.a */,
				D4CE8A0E1A7DE0CD00FEED9F /* liballegro_main-static.a */,
				D4CE8A0F1A7DE0CD00FEED9F /* liballegro_memfile-static.a */,
				D4CE8A101A7DE0CD00FEED9F /* liballegro_physfs-static.a */,
				D4CE8A111A7DE0CD00FEED9F /* liballegro_primitives-static.a */,
				D4CE8A121A7DE0CD00FEED9F /* liballegro_ttf-static.a */,
				D4CE8A131A7DE0CD00FEED9F /* liballegro-static.a */,
				D4CE89FA1A7DE06700FEED9F /* AppKit.framework */,
				D4CE89FB1A7DE06700FEED9F /* ApplicationServices.framework */,
				D4CE89FC1A7DE06700FEED9F /* AudioToolbox.framework */,
				D4CE89FD1A7DE06700FEED9F /* CoreFoundation.framework */,
				D4CE89FE1A7DE06700FEED9F /* IOKit.framework */,
				D4CE89FF1A7DE06700FEED9F /* OpenAL.framework */,
				D4CE8A001A7DE06700FEED9F /* OpenGL.framework */,
			);
			name = "Libraries and Frameworks";
			sourceTree = "<group>";
		};
/* End PBXGroup section */

/* Begin PBXNativeTarget section */
		D4CE89D51A7DDF2500FEED9F /* TestSound */ = {
			isa = PBXNativeTarget;
			buildConfigurationList = D4CE89F31A7DDF2500FEED9F /* Build configuration list for PBXNativeTarget "TestSound" */;
			buildPhases = (
				D4CE89D21A7DDF2500FEED9F /* Sources */,
				D4CE89D31A7DDF2500FEED9F /* Frameworks */,
				D4CE89D41A7DDF2500FEED9F /* Resources */,
			);
			buildRules = (
			);
			dependencies = (
			);
			name = TestSound;
			productName = TestSound;
			productReference = D4CE89D61A7DDF2500FEED9F /* TestSound.app */;
			productType = "com.apple.product-type.application";
		};
/* End PBXNativeTarget section */

/* Begin PBXProject section */
		D4CE89CE1A7DDF2500FEED9F /* Project object */ = {
			isa = PBXProject;
			attributes = {
				LastUpgradeCheck = 0610;
				ORGANIZATIONNAME = "Malcolm Harrow";
				TargetAttributes = {
					D4CE89D51A7DDF2500FEED9F = {
						CreatedOnToolsVersion = 6.1.1;
					};
				};
			};
			buildConfigurationList = D4CE89D11A7DDF2500FEED9F /* Build configuration list for PBXProject "TestSound" */;
			compatibilityVersion = "Xcode 3.2";
			developmentRegion = English;
			hasScannedForEncodings = 0;
			knownRegions = (
				en,
				Base,
			);
			mainGroup = D4CE89CD1A7DDF2500FEED9F;
			productRefGroup = D4CE89D71A7DDF2500FEED9F /* Products */;
			projectDirPath = "";
			projectRoot = "";
			targets = (
				D4CE89D51A7DDF2500FEED9F /* TestSound */,
			);
		};
/* End PBXProject section */

/* Begin PBXResourcesBuildPhase section */
		D4CE89D41A7DDF2500FEED9F /* Resources */ = {
			isa = PBXResourcesBuildPhase;
			buildActionMask = 2147483647;
			files = (
			);
			runOnlyForDeploymentPostprocessing = 0;
		};
/* End PBXResourcesBuildPhase section */

/* Begin PBXSourcesBuildPhase section */
		D4CE89D21A7DDF2500FEED9F /* Sources */ = {
			isa = PBXSourcesBuildPhase;
			buildActionMask = 2147483647;
			files = (
				D4CE89DF1A7DDF2500FEED9F /* main.m in Sources */,
			);
			runOnlyForDeploymentPostprocessing = 0;
		};
/* End PBXSourcesBuildPhase section */

/* Begin XCBuildConfiguration section */
		D4CE89F11A7DDF2500FEED9F /* Debug */ = {
			isa = XCBuildConfiguration;
			buildSettings = {
				ALWAYS_SEARCH_USER_PATHS = NO;
				CLANG_CXX_LANGUAGE_STANDARD = "gnu++0x";
				CLANG_CXX_LIBRARY = "libc++";
				CLANG_ENABLE_MODULES = YES;
				CLANG_ENABLE_OBJC_ARC = YES;
				CLANG_WARN_BOOL_CONVERSION = YES;
				CLANG_WARN_CONSTANT_CONVERSION = YES;
				CLANG_WARN_DIRECT_OBJC_ISA_USAGE = YES_ERROR;
				CLANG_WARN_EMPTY_BODY = YES;
				CLANG_WARN_ENUM_CONVERSION = YES;
				CLANG_WARN_INT_CONVERSION = YES;
				CLANG_WARN_OBJC_ROOT_CLASS = YES_ERROR;
				CLANG_WARN_UNREACHABLE_CODE = YES;
				CLANG_WARN__DUPLICATE_METHOD_MATCH = YES;
				CODE_SIGN_IDENTITY = "-";
				COPY_PHASE_STRIP = NO;
				ENABLE_STRICT_OBJC_MSGSEND = YES;
				GCC_C_LANGUAGE_STANDARD = gnu99;
				GCC_DYNAMIC_NO_PIC = NO;
				GCC_OPTIMIZATION_LEVEL = 0;
				GCC_PREPROCESSOR_DEFINITIONS = (
					"DEBUG=1",
					"$(inherited)",
				);
				GCC_SYMBOLS_PRIVATE_EXTERN = NO;
				GCC_WARN_64_TO_32_BIT_CONVERSION = YES;
				GCC_WARN_ABOUT_RETURN_TYPE = YES_ERROR;
				GCC_WARN_UNDECLARED_SELECTOR = YES;
				GCC_WARN_UNINITIALIZED_AUTOS = YES_AGGRESSIVE;
				GCC_WARN_UNUSED_FUNCTION = YES;
				GCC_WARN_UNUSED_VARIABLE = YES;
				HEADER_SEARCH_PATHS = (
					"$(inherited)",
					/Applications/Xcode.app/Contents/Developer/Toolchains/XcodeDefault.xctoolchain/usr/include,
					/usr/local/include,
					/usr/local/include/allegro5,
				);
				LIBRARY_SEARCH_PATHS = /usr/local/lib;
				MACOSX_DEPLOYMENT_TARGET = 10.10;
				MTL_ENABLE_DEBUG_INFO = YES;
				ONLY_ACTIVE_ARCH = YES;
				SDKROOT = macosx;
			};
			name = Debug;
		};
		D4CE89F21A7DDF2500FEED9F /* Release */ = {
			isa = XCBuildConfiguration;
			buildSettings = {
				ALWAYS_SEARCH_USER_PATHS = NO;
				CLANG_CXX_LANGUAGE_STANDARD = "gnu++0x";
				CLANG_CXX_LIBRARY = "libc++";
				CLANG_ENABLE_MODULES = YES;
				CLANG_ENABLE_OBJC_ARC = YES;
				CLANG_WARN_BOOL_CONVERSION = YES;
				CLANG_WARN_CONSTANT_CONVERSION = YES;
				CLANG_WARN_DIRECT_OBJC_ISA_USAGE = YES_ERROR;
				CLANG_WARN_EMPTY_BODY = YES;
				CLANG_WARN_ENUM_CONVERSION = YES;
				CLANG_WARN_INT_CONVERSION = YES;
				CLANG_WARN_OBJC_ROOT_CLASS = YES_ERROR;
				CLANG_WARN_UNREACHABLE_CODE = YES;
				CLANG_WARN__DUPLICATE_METHOD_MATCH = YES;
				CODE_SIGN_IDENTITY = "-";
				COPY_PHASE_STRIP = YES;
				DEBUG_INFORMATION_FORMAT = "dwarf-with-dsym";
				ENABLE_NS_ASSERTIONS = NO;
				ENABLE_STRICT_OBJC_MSGSEND = YES;
				GCC_C_LANGUAGE_STANDARD = gnu99;
				GCC_WARN_64_TO_32_BIT_CONVERSION = YES;
				GCC_WARN_ABOUT_RETURN_TYPE = YES_ERROR;
				GCC_WARN_UNDECLARED_SELECTOR = YES;
				GCC_WARN_UNINITIALIZED_AUTOS = YES_AGGRESSIVE;
				GCC_WARN_UNUSED_FUNCTION = YES;
				GCC_WARN_UNUSED_VARIABLE = YES;
				HEADER_SEARCH_PATHS = (
					"$(inherited)",
					/Applications/Xcode.app/Contents/Developer/Toolchains/XcodeDefault.xctoolchain/usr/include,
					/usr/local/include,
					/usr/local/include/allegro5,
				);
				LIBRARY_SEARCH_PATHS = /usr/local/lib;
				MACOSX_DEPLOYMENT_TARGET = 10.10;
				MTL_ENABLE_DEBUG_INFO = NO;
				SDKROOT = macosx;
			};
			name = Release;
		};
		D4CE89F41A7DDF2500FEED9F /* Debug */ = {
			isa = XCBuildConfiguration;
			buildSettings = {
				ASSETCATALOG_COMPILER_APPICON_NAME = AppIcon;
				COMBINE_HIDPI_IMAGES = YES;
				INFOPLIST_FILE = TestSound/Info.plist;
				LD_RUNPATH_SEARCH_PATHS = "$(inherited) @executable_path/../Frameworks";
				PRODUCT_NAME = "$(TARGET_NAME)";
			};
			name = Debug;
		};
		D4CE89F51A7DDF2500FEED9F /* Release */ = {
			isa = XCBuildConfiguration;
			buildSettings = {
				ASSETCATALOG_COMPILER_APPICON_NAME = AppIcon;
				COMBINE_HIDPI_IMAGES = YES;
				INFOPLIST_FILE = TestSound/Info.plist;
				LD_RUNPATH_SEARCH_PATHS = "$(inherited) @executable_path/../Frameworks";
				PRODUCT_NAME = "$(TARGET_NAME)";
			};
			name = Release;
		};
/* End XCBuildConfiguration section */

/* Begin XCConfigurationList section */
		D4CE89D11A7DDF2500FEED9F /* Build configuration list for PBXProject "TestSound" */ = {
			isa = XCConfigurationList;
			buildConfigurations = (
				D4CE89F11A7DDF2500FEED9F /* Debug */,
				D4CE89F21A7DDF2500FEED9F /* Release */,
			);
			defaultConfigurationIsVisible = 0;
			defaultConfigurationName = Release;
		};
		D4CE89F31A7DDF2500FEED9F /* Build configuration list for PBXNativeTarget "TestSound" */ = {
			isa = XCConfigurationList;
			buildConfigurations = (
				D4CE89F41A7DDF2500FEED9F /* Debug */,
				D4CE89F51A7DDF2500FEED9F /* Release */,
			);
			defaultConfigurationIsVisible = 0;
		};
/* End XCConfigurationList section */
	};
	rootObject = D4CE89CE1A7DDF2500FEED9F /* Project object */;
}
